{
  "lockfileVersion": 1,
  "configVersion": 1,
  "workspaces": {
    "": {
      "dependencies": {
        "effect": "4.0.1",
        "gl-matrix": "3.3.0",
        "pngjs": "7.0.0",
        "war3-model": "4.0.1",
      },
    },
  },
  "packages": {
    "effect": ["effect@4.0.1", "", {}, "sha512-b1VlQG9g8fwxE5QnIZuPoOP/0MsqHJSRKxUijjoM80E5q95FXrX5yWtY5XI8G+GJsBQAVSDbLS458z9a++uVvw=="],

    "gl-matrix": ["gl-matrix@3.3.0", "", {}, "sha512-COb7LDz+SXaHtl/h4LeaFcNdJdAQSDeVqjiIihSXNrkWObZLhDI4hIkZC11Aeqp7bcE72clzB0BnDXr2SmslRA=="],

    "pngjs": ["pngjs@7.0.0", "", {}, "sha512-LKWqWJRhstyYo9pGvgor/ivk2w94eSjE3RGVuzLGlr3NmD8bf7RcYGze1mNdEHRP6TRP6rMuDHk5t44hnTRyow=="],

    "war3-model": ["war3-model@4.0.1", "", { "dependencies": { "gl-matrix": "3.3.0" } }, "sha512-1jzV2756ty16m9XO8bdXsPF4mxvMK/RGed8b9WZ3Slw76kYdrhty8OQ+UAykdIrhlqzEYwyON+pLbXI5a+yURg=="],
  }
}
