sourceLanguage = "Wurst"
compilerRepository = "https://github.com/tompassarelli/WurstScript"
compilerCommit = "9913e1bd300c2053637d756a11bae8c3c8ed568f"
compilerArtifact = "de.peeeq.wurstscript/build/libs/wurstscript.jar"
compilerArtifactSha256 = "2ed2ee8cf563aedaef7e384b2e0c68f50a306144e99fa506b90935c62b64a18a"
stdlibRepository = "https://github.com/wurstscript/WurstStdlib2"
stdlibCommit = "4dfc8a0474bd0b9628ff79d935310c7fc92bce4a"
stdlibLicense = "Apache-2.0"
wc3Patch = "v3.0"
compilationTarget = "lua"
java = "25"
