sourceLanguage = "Wurst"
compilerRepository = "https://github.com/wurstscript/WurstScript"
compilerCommit = "c34f833850cad1a13445db6f710c6af1f2a6d17b"
compilerArtifact = "de.peeeq.wurstscript/build/libs/wurstscript.jar"
compilerArtifactSha256 = "cb76320eb672f6ef4775d067623c6aaa42d16cb3b312fbbf7307d6a94890d389"
stdlibRepository = "https://github.com/wurstscript/WurstStdlib2"
stdlibCommit = "c79452908e20c96f71cf976cc356dc951ab8cd0c"
stdlibLicense = "Apache-2.0"
wc3Patch = "v3.0"
compilationTarget = "lua"
java = "25"
