sourceLanguage = "Wurst"
compilerRepository = "https://github.com/tompassarelli/WurstScript"
compilerCommit = "6b129956f6e7cf9582510f26b99d305526bf3ded"
compilerArtifact = "de.peeeq.wurstscript/build/libs/wurstscript.jar"
compilerArtifactSha256 = "9495b1f3ad1f1baf53335934e9152874773e6c735b0e5db819b3e7f06c82ed15"
luaTestRuntimeCommit = "1f36fff43a4987bc133c676072ee396f15294aa0"
stdlibRepository = "https://github.com/tompassarelli/WurstStdlib2"
stdlibCommit = "e3714f629113ee682353c3244065fee3e7d9ae16"
stdlibLicense = "Apache-2.0"
wc3Patch = "v3.0"
compilationTarget = "lua"
java = "25"
