{
  "lockfileVersion": 1,
  "configVersion": 1,
  "workspaces": {
    "": {
      "name": "smashcraft-slippi-tools",
      "dependencies": {
        "@slippi/slippi-js": "9.1.3",
      },
    },
  },
  "packages": {
    "@shelacek/ubjson": ["@shelacek/ubjson@1.1.1", "", {}, "sha512-2Vi46ct3IWzh8eAz9IZ0NulIRtJbGgJDppatJvufB0fHwasRSfklBoQrVrCutF24fSuRvTvZVebjtcIHOxvzWw=="],

    "@slippi/slippi-js": ["@slippi/slippi-js@9.1.3", "", { "dependencies": { "@shelacek/ubjson": "^1.0.1", "date-fns": "^3.3.0", "enet": "^0.2.9", "iconv-cp932": "^1.2.2", "reconnect-core": "^1.3.0", "semver": "^7.3.2" }, "optionalDependencies": { "ws": ">=7.0.0" } }, "sha512-NfM3ZoQgH6Z+u2YxP2y0+s1XB+GuP6BNk42+m/dYhiswIjkJpiyRZgnhgsJoqj5szC7DBem7QKz+j2H7SOmHyQ=="],

    "backoff": ["backoff@2.5.0", "", { "dependencies": { "precond": "0.2" } }, "sha512-wC5ihrnUXmR2douXmXLCe5O3zg3GKIyvRi/hi58a/XyRxVI+3/yM0PYueQOZXPXQ9pxBislYkw+sF9b7C/RuMA=="],

    "date-fns": ["date-fns@3.6.0", "", {}, "sha512-fRHTG8g/Gif+kSh50gaGEdToemgfj74aRX3swtiouboip5JDLAyDE9F11nHMIcvOaXeOC6D7SpNhi7uFyB7Uww=="],

    "enet": ["enet@0.2.9", "", {}, "sha512-V3qaPJEHY1Bl9F1nEY4thQV2fKkwS+I8Xpss4/91Hyi6JHagB7Ur6bROyVp4wqO74cPbF0ptgyyYh0L0Sky4Lw=="],

    "iconv-cp932": ["iconv-cp932@1.2.2", "", {}, "sha512-vUP4Ke0Xy3bInEjSsKtKq51KeXK7nglt9uvRVYhJrlUBlMKa2R1EBDE88HFXzm8Wp5J1w83psrISj0f+QMEt4g=="],

    "precond": ["precond@0.2.3", "", {}, "sha512-QCYG84SgGyGzqJ/vlMsxeXd/pgL/I94ixdNFyh1PusWmTCyVfPJjZ1K1jvHtsbfnXQs2TSkEP2fR7QiMZAnKFQ=="],

    "reconnect-core": ["reconnect-core@1.3.0", "", { "dependencies": { "backoff": "~2.5.0" } }, "sha512-+gLKwmyRf2tjl6bLR03DoeWELzyN6LW9Xgr3vh7NXHHwPi0JC0N2TwPyf90oUEBkCRcD+bgQ+s3HORoG3nwHDg=="],

    "semver": ["semver@7.8.5", "", { "bin": { "semver": "bin/semver.js" } }, "sha512-Y7/KDsb8LjooZpwaqGyulO6DQlksgCncchHGk+sZIY4SBvUocMBEFH5Ur1fI4dV+Jvl0w6cjvucaIi40puRioA=="],

    "ws": ["ws@8.22.0", "", { "peerDependencies": { "bufferutil": "^4.0.1", "utf-8-validate": ">=5.0.2" }, "optionalPeers": ["bufferutil", "utf-8-validate"] }, "sha512-Ydggc987+RO0AnWtZ/7Wq9FtNvcrL1b/RO0ud9mWjUPgDrsAAwQSF51sm2hm1XofbU/4jkpGEsLFsZZxU+1DOg=="],
  }
}
